{
  "object": {
    "pins": [
      {
        "package": "swift-collections",
        "repositoryURL": "https://github.com/apple/swift-collections.git",
        "state": {
          "branch": null,
          "revision": "f504716c27d2e5d4144fa4794b12129301d17729",
          "version": "1.0.3"
        }
      },
      {
        "package": "SwiftUIFontIcon",
        "repositoryURL": "https://github.com/huybuidac/SwiftUIFontIcon.git",
        "state": {
          "branch": null,
          "revision": "4f170fbf443d985ae518a14a12ec8194ec6b08eb",
          "version": "2.1.0"
        }
      }
    ]
  },
  "version": 1
}
